Microsoft Visual Studio Solution File, Format Version 12.00
# Visual Studio Version 17
VisualStudioVersion = 17.5.2.0
MinimumVisualStudioVersion = 10.0.40219.1
Project("{FAE04EC0-301F-11D3-BF4B-00C04F79EFBC}") = "hateu", "hateu.csproj", "{33BD8558-CE3F-EFBB-9D5C-C76E895C9BEE}"
EndProject
Global
	GlobalSection(SolutionConfigurationPlatforms) = preSolution
		Debug|Any CPU = Debug|Any CPU
		Release|Any CPU = Release|Any CPU
	EndGlobalSection
	GlobalSection(ProjectConfigurationPlatforms) = postSolution
		{33BD8558-CE3F-EFBB-9D5C-C76E895C9BEE}.Debug|Any CPU.ActiveCfg = Debug|Any CPU
		{33BD8558-CE3F-EFBB-9D5C-C76E895C9BEE}.Debug|Any CPU.Build.0 = Debug|Any CPU
		{33BD8558-CE3F-EFBB-9D5C-C76E895C9BEE}.Release|Any CPU.ActiveCfg = Release|Any CPU
		{33BD8558-CE3F-EFBB-9D5C-C76E895C9BEE}.Release|Any CPU.Build.0 = Release|Any CPU
	EndGlobalSection
	GlobalSection(SolutionProperties) = preSolution
		HideSolutionNode = FALSE
	EndGlobalSection
	GlobalSection(ExtensibilityGlobals) = postSolution
		SolutionGuid = {14D1FD91-76F0-4911-874A-0FEDE3EFC62E}
	EndGlobalSection
EndGlobal
